
Microsoft Visual Studio Solution File, Format Version 12.00
# Visual Studio Version 16
VisualStudioVersion = 16.0.29728.190
MinimumVisualStudioVersion = 10.0.40219.1
Project("{FAE04EC0-301F-11D3-BF4B-00C04F79EFBC}") = "Adesso.RideShare.Api", "Adesso.RideShare.Api\Adesso.RideShare.Api.csproj", "{D453FF16-70AE-4DF7-9A9F-C9D98D954D84}"
EndProject
Project("{FAE04EC0-301F-11D3-BF4B-00C04F79EFBC}") = "Adesso.RideShare.Business", "Adesso.RideShare.Business\Adesso.RideShare.Business.csproj", "{A0E9B843-6492-47A6-945E-D5ECB03D3721}"
EndProject
Project("{FAE04EC0-301F-11D3-BF4B-00C04F79EFBC}") = "Adesso.RideShare.Core", "Adesso.RideShare.Core\Adesso.RideShare.Core.csproj", "{9AAFC3F3-5D43-44BB-A384-E7C5735DB6D2}"
EndProject
Global
	GlobalSection(SolutionConfigurationPlatforms) = preSolution
		Debug|Any CPU = Debug|Any CPU
		Release|Any CPU = Release|Any CPU
	EndGlobalSection
	GlobalSection(ProjectConfigurationPlatforms) = postSolution
		{D453FF16-70AE-4DF7-9A9F-C9D98D954D84}.Debug|Any CPU.ActiveCfg = Debug|Any CPU
		{D453FF16-70AE-4DF7-9A9F-C9D98D954D84}.Debug|Any CPU.Build.0 = Debug|Any CPU
		{D453FF16-70AE-4DF7-9A9F-C9D98D954D84}.Release|Any CPU.ActiveCfg = Release|Any CPU
		{D453FF16-70AE-4DF7-9A9F-C9D98D954D84}.Release|Any CPU.Build.0 = Release|Any CPU
		{A0E9B843-6492-47A6-945E-D5ECB03D3721}.Debug|Any CPU.ActiveCfg = Debug|Any CPU
		{A0E9B843-6492-47A6-945E-D5ECB03D3721}.Debug|Any CPU.Build.0 = Debug|Any CPU
		{A0E9B843-6492-47A6-945E-D5ECB03D3721}.Release|Any CPU.ActiveCfg = Release|Any CPU
		{A0E9B843-6492-47A6-945E-D5ECB03D3721}.Release|Any CPU.Build.0 = Release|Any CPU
		{9AAFC3F3-5D43-44BB-A384-E7C5735DB6D2}.Debug|Any CPU.ActiveCfg = Debug|Any CPU
		{9AAFC3F3-5D43-44BB-A384-E7C5735DB6D2}.Debug|Any CPU.Build.0 = Debug|Any CPU
		{9AAFC3F3-5D43-44BB-A384-E7C5735DB6D2}.Release|Any CPU.ActiveCfg = Release|Any CPU
		{9AAFC3F3-5D43-44BB-A384-E7C5735DB6D2}.Release|Any CPU.Build.0 = Release|Any CPU
	EndGlobalSection
	GlobalSection(SolutionProperties) = preSolution
		HideSolutionNode = FALSE
	EndGlobalSection
	GlobalSection(ExtensibilityGlobals) = postSolution
		SolutionGuid = {E44742C8-5672-4706-B4F3-25D40482DB60}
	EndGlobalSection
EndGlobal
